// !$*UTF8*$!
{
	archiveVersion = 1;
	classes = {
	};
	objectVersion = 55;
	objects = {

/* Begin PBXBuildFile section */
		364AC9D928CF61E200A4B186 /* MockIdusLookupResult.json in Resources */ = {isa = PBXBuildFile; fileRef = 364AC9D528CF61E200A4B186 /* MockIdusLookupResult.json */; };
		364AC9DA28CF61E200A4B186 /* MockIdusSearchResult.json in Resources */ = {isa = PBXBuildFile; fileRef = 364AC9D628CF61E200A4B186 /* MockIdusSearchResult.json */; };
		364AC9DB28CF61E200A4B186 /* MockURLSession.swift in Sources */ = {isa = PBXBuildFile; fileRef = 364AC9D728CF61E200A4B186 /* MockURLSession.swift */; };
		364AC9DC28CF61E200A4B186 /* MockIdusAppItem.json in Resources */ = {isa = PBXBuildFile; fileRef = 364AC9D828CF61E200A4B186 /* MockIdusAppItem.json */; };
		364AC9E028CF622600A4B186 /* AppSearchAPITests.swift in Sources */ = {isa = PBXBuildFile; fileRef = 364AC9DD28CF622500A4B186 /* AppSearchAPITests.swift */; };
		364AC9E128CF622600A4B186 /* AppLookupAPITests.swift in Sources */ = {isa = PBXBuildFile; fileRef = 364AC9DE28CF622600A4B186 /* AppLookupAPITests.swift */; };
		364AC9E228CF622600A4B186 /* MockURLSessionTests.swift in Sources */ = {isa = PBXBuildFile; fileRef = 364AC9DF28CF622600A4B186 /* MockURLSessionTests.swift */; };
		364AC9E428CF720A00A4B186 /* SearchTableCell.swift in Sources */ = {isa = PBXBuildFile; fileRef = 364AC9E328CF720A00A4B186 /* SearchTableCell.swift */; };
		364AC9E728CF730A00A4B186 /* StarRatingStackView.swift in Sources */ = {isa = PBXBuildFile; fileRef = 364AC9E528CF730A00A4B186 /* StarRatingStackView.swift */; };
		364AC9E828CF730A00A4B186 /* StarImageView.swift in Sources */ = {isa = PBXBuildFile; fileRef = 364AC9E628CF730A00A4B186 /* StarImageView.swift */; };
		36C41C5028CC75DA006BC3B2 /* AppDelegate.swift in Sources */ = {isa = PBXBuildFile; fileRef = 36C41C4F28CC75DA006BC3B2 /* AppDelegate.swift */; };
		36C41C5228CC75DA006BC3B2 /* SceneDelegate.swift in Sources */ = {isa = PBXBuildFile; fileRef = 36C41C5128CC75DA006BC3B2 /* SceneDelegate.swift */; };
		36C41C5928CC75DC006BC3B2 /* Assets.xcassets in Resources */ = {isa = PBXBuildFile; fileRef = 36C41C5828CC75DC006BC3B2 /* Assets.xcassets */; };
		36C41C5C28CC75DC006BC3B2 /* LaunchScreen.storyboard in Resources */ = {isa = PBXBuildFile; fileRef = 36C41C5A28CC75DC006BC3B2 /* LaunchScreen.storyboard */; };
		36C41C6728CC75DC006BC3B2 /* JSONDecodingTests.swift in Sources */ = {isa = PBXBuildFile; fileRef = 36C41C6628CC75DC006BC3B2 /* JSONDecodingTests.swift */; };
		36C41C7128CC75DC006BC3B2 /* AppStoreClone2UITests.swift in Sources */ = {isa = PBXBuildFile; fileRef = 36C41C7028CC75DC006BC3B2 /* AppStoreClone2UITests.swift */; };
		36C41C7328CC75DC006BC3B2 /* AppStoreClone2UITestsLaunchTests.swift in Sources */ = {isa = PBXBuildFile; fileRef = 36C41C7228CC75DC006BC3B2 /* AppStoreClone2UITestsLaunchTests.swift */; };
		36C41CE228CC7B42006BC3B2 /* RxCocoa in Frameworks */ = {isa = PBXBuildFile; productRef = 36C41CE128CC7B42006BC3B2 /* RxCocoa */; };
		36C41CE428CC7B42006BC3B2 /* RxRelay in Frameworks */ = {isa = PBXBuildFile; productRef = 36C41CE328CC7B42006BC3B2 /* RxRelay */; };
		36C41CE628CC7B42006BC3B2 /* RxSwift in Frameworks */ = {isa = PBXBuildFile; productRef = 36C41CE528CC7B42006BC3B2 /* RxSwift */; };
		36C41CEE28CC7B72006BC3B2 /* AppCoordinator.swift in Sources */ = {isa = PBXBuildFile; fileRef = 36C41CE728CC7B72006BC3B2 /* AppCoordinator.swift */; };
		36C41CEF28CC7B72006BC3B2 /* LookupViewModel.swift in Sources */ = {isa = PBXBuildFile; fileRef = 36C41CEA28CC7B72006BC3B2 /* LookupViewModel.swift */; };
		36C41CF028CC7B72006BC3B2 /* LookupCoordinator.swift in Sources */ = {isa = PBXBuildFile; fileRef = 36C41CEB28CC7B72006BC3B2 /* LookupCoordinator.swift */; };
		36C41CF128CC7B72006BC3B2 /* LookupViewController.swift in Sources */ = {isa = PBXBuildFile; fileRef = 36C41CED28CC7B72006BC3B2 /* LookupViewController.swift */; };
		36C41D0028CC7B96006BC3B2 /* Array+Subscript.swift in Sources */ = {isa = PBXBuildFile; fileRef = 36C41CF328CC7B96006BC3B2 /* Array+Subscript.swift */; };
		36C41D0128CC7B96006BC3B2 /* UICollectionViewCell+Identifier.swift in Sources */ = {isa = PBXBuildFile; fileRef = 36C41CF428CC7B96006BC3B2 /* UICollectionViewCell+Identifier.swift */; };
		36C41D0228CC7B96006BC3B2 /* Int+DigitWrapping.swift in Sources */ = {isa = PBXBuildFile; fileRef = 36C41CF528CC7B96006BC3B2 /* Int+DigitWrapping.swift */; };
		36C41D0328CC7B96006BC3B2 /* UITableViewCell+Identifier.swift in Sources */ = {isa = PBXBuildFile; fileRef = 36C41CF628CC7B96006BC3B2 /* UITableViewCell+Identifier.swift */; };
		36C41D0428CC7B96006BC3B2 /* UIImageView+Load+Cache.swift in Sources */ = {isa = PBXBuildFile; fileRef = 36C41CF728CC7B96006BC3B2 /* UIImageView+Load+Cache.swift */; };
		36C41D0528CC7B96006BC3B2 /* UIStackView+VerticalSeparator.swift in Sources */ = {isa = PBXBuildFile; fileRef = 36C41CF828CC7B96006BC3B2 /* UIStackView+VerticalSeparator.swift */; };
		36C41D0628CC7B96006BC3B2 /* UICollectionView+CellRegister+Reuse.swift in Sources */ = {isa = PBXBuildFile; fileRef = 36C41CF928CC7B96006BC3B2 /* UICollectionView+CellRegister+Reuse.swift */; };
		36C41D0728CC7B96006BC3B2 /* UITableView+CellRegister+Reuse.swift in Sources */ = {isa = PBXBuildFile; fileRef = 36C41CFA28CC7B96006BC3B2 /* UITableView+CellRegister+Reuse.swift */; };
		36C41D0828CC7B96006BC3B2 /* ImageCacheManager.swift in Sources */ = {isa = PBXBuildFile; fileRef = 36C41CFC28CC7B96006BC3B2 /* ImageCacheManager.swift */; };
		36C41D0928CC7B96006BC3B2 /* ViewModelProtocol.swift in Sources */ = {isa = PBXBuildFile; fileRef = 36C41CFE28CC7B96006BC3B2 /* ViewModelProtocol.swift */; };
		36C41D0A28CC7B96006BC3B2 /* CoordinatorProtocol.swift in Sources */ = {isa = PBXBuildFile; fileRef = 36C41CFF28CC7B96006BC3B2 /* CoordinatorProtocol.swift */; };
		36C41D1728CC7B9E006BC3B2 /* NetworkProvider.swift in Sources */ = {isa = PBXBuildFile; fileRef = 36C41D0D28CC7B9E006BC3B2 /* NetworkProvider.swift */; };
		36C41D1828CC7B9E006BC3B2 /* NetworkError.swift in Sources */ = {isa = PBXBuildFile; fileRef = 36C41D0E28CC7B9E006BC3B2 /* NetworkError.swift */; };
		36C41D1928CC7B9E006BC3B2 /* SearchResultDTO.swift in Sources */ = {isa = PBXBuildFile; fileRef = 36C41D1128CC7B9E006BC3B2 /* SearchResultDTO.swift */; };
		36C41D1A28CC7B9E006BC3B2 /* AppItemDTO.swift in Sources */ = {isa = PBXBuildFile; fileRef = 36C41D1228CC7B9E006BC3B2 /* AppItemDTO.swift */; };
		36C41D1B28CC7B9E006BC3B2 /* AppSearch.swift in Sources */ = {isa = PBXBuildFile; fileRef = 36C41D1328CC7B9E006BC3B2 /* AppSearch.swift */; };
		36C41D1D28CC7B9E006BC3B2 /* AppLookup.swift in Sources */ = {isa = PBXBuildFile; fileRef = 36C41D1528CC7B9E006BC3B2 /* AppLookup.swift */; };
		36C41D2728CC7F98006BC3B2 /* URLSessionProtocol.swift in Sources */ = {isa = PBXBuildFile; fileRef = 36C41D2428CC7F98006BC3B2 /* URLSessionProtocol.swift */; };
		36C41D2828CC7F98006BC3B2 /* APIProtocol.swift in Sources */ = {isa = PBXBuildFile; fileRef = 36C41D2528CC7F98006BC3B2 /* APIProtocol.swift */; };
		36C41D2B28CC7FBF006BC3B2 /* ItunesAPI.swift in Sources */ = {isa = PBXBuildFile; fileRef = 36C41D2A28CC7FBF006BC3B2 /* ItunesAPI.swift */; };
		36C41D2D28CC8191006BC3B2 /* URLRequest+Initializer.swift in Sources */ = {isa = PBXBuildFile; fileRef = 36C41D2C28CC8191006BC3B2 /* URLRequest+Initializer.swift */; };
		36C41D3728CC82A2006BC3B2 /* AppItem.swift in Sources */ = {isa = PBXBuildFile; fileRef = 36C41D3628CC82A2006BC3B2 /* AppItem.swift */; };
		36C41D3928CC82D3006BC3B2 /* JSONParser.swift in Sources */ = {isa = PBXBuildFile; fileRef = 36C41D3828CC82D3006BC3B2 /* JSONParser.swift */; };
/* End PBXBuildFile section */

/* Begin PBXContainerItemProxy section */
		36C41C6328CC75DC006BC3B2 /* PBXContainerItemProxy */ = {
			isa = PBXContainerItemProxy;
			containerPortal = 36C41C4428CC75DA006BC3B2 /* Project object */;
			proxyType = 1;
			remoteGlobalIDString = 36C41C4B28CC75DA006BC3B2;
			remoteInfo = AppStoreClone2;
		};
		36C41C6D28CC75DC006BC3B2 /* PBXContainerItemProxy */ = {
			isa = PBXContainerItemProxy;
			containerPortal = 36C41C4428CC75DA006BC3B2 /* Project object */;
			proxyType = 1;
			remoteGlobalIDString = 36C41C4B28CC75DA006BC3B2;
			remoteInfo = AppStoreClone2;
		};
/* End PBXContainerItemProxy section */

/* Begin PBXFileReference section */
		364AC9D528CF61E200A4B186 /* MockIdusLookupResult.json */ = {isa = PBXFileReference; fileEncoding = 4; lastKnownFileType = text.json; path = MockIdusLookupResult.json; sourceTree = "<group>"; };
		364AC9D628CF61E200A4B186 /* MockIdusSearchResult.json */ = {isa = PBXFileReference; fileEncoding = 4; lastKnownFileType = text.json; path = MockIdusSearchResult.json; sourceTree = "<group>"; };
		364AC9D728CF61E200A4B186 /* MockURLSession.swift */ = {isa = PBXFileReference; fileEncoding = 4; lastKnownFileType = sourcecode.swift; path = MockURLSession.swift; sourceTree = "<group>"; };
		364AC9D828CF61E200A4B186 /* MockIdusAppItem.json */ = {isa = PBXFileReference; fileEncoding = 4; lastKnownFileType = text.json; path = MockIdusAppItem.json; sourceTree = "<group>"; };
		364AC9DD28CF622500A4B186 /* AppSearchAPITests.swift */ = {isa = PBXFileReference; fileEncoding = 4; lastKnownFileType = sourcecode.swift; path = AppSearchAPITests.swift; sourceTree = "<group>"; };
		364AC9DE28CF622600A4B186 /* AppLookupAPITests.swift */ = {isa = PBXFileReference; fileEncoding = 4; lastKnownFileType = sourcecode.swift; path = AppLookupAPITests.swift; sourceTree = "<group>"; };
		364AC9DF28CF622600A4B186 /* MockURLSessionTests.swift */ = {isa = PBXFileReference; fileEncoding = 4; lastKnownFileType = sourcecode.swift; path = MockURLSessionTests.swift; sourceTree = "<group>"; };
		364AC9E328CF720A00A4B186 /* SearchTableCell.swift */ = {isa = PBXFileReference; lastKnownFileType = sourcecode.swift; path = SearchTableCell.swift; sourceTree = "<group>"; };
		364AC9E528CF730A00A4B186 /* StarRatingStackView.swift */ = {isa = PBXFileReference; fileEncoding = 4; lastKnownFileType = sourcecode.swift; path = StarRatingStackView.swift; sourceTree = "<group>"; };
		364AC9E628CF730A00A4B186 /* StarImageView.swift */ = {isa = PBXFileReference; fileEncoding = 4; lastKnownFileType = sourcecode.swift; path = StarImageView.swift; sourceTree = "<group>"; };
		36C41C4C28CC75DA006BC3B2 /* AppStoreClone2.app */ = {isa = PBXFileReference; explicitFileType = wrapper.application; includeInIndex = 0; path = AppStoreClone2.app; sourceTree = BUILT_PRODUCTS_DIR; };
		36C41C4F28CC75DA006BC3B2 /* AppDelegate.swift */ = {isa = PBXFileReference; lastKnownFileType = sourcecode.swift; path = AppDelegate.swift; sourceTree = "<group>"; };
		36C41C5128CC75DA006BC3B2 /* SceneDelegate.swift */ = {isa = PBXFileReference; lastKnownFileType = sourcecode.swift; path = SceneDelegate.swift; sourceTree = "<group>"; };
		36C41C5828CC75DC006BC3B2 /* Assets.xcassets */ = {isa = PBXFileReference; lastKnownFileType = folder.assetcatalog; path = Assets.xcassets; sourceTree = "<group>"; };
		36C41C5B28CC75DC006BC3B2 /* Base */ = {isa = PBXFileReference; lastKnownFileType = file.storyboard; name = Base; path = Base.lproj/LaunchScreen.storyboard; sourceTree = "<group>"; };
		36C41C5D28CC75DC006BC3B2 /* Info.plist */ = {isa = PBXFileReference; lastKnownFileType = text.plist.xml; path = Info.plist; sourceTree = "<group>"; };
		36C41C6228CC75DC006BC3B2 /* AppStoreClone2Tests.xctest */ = {isa = PBXFileReference; explicitFileType = wrapper.cfbundle; includeInIndex = 0; path = AppStoreClone2Tests.xctest; sourceTree = BUILT_PRODUCTS_DIR; };
		36C41C6628CC75DC006BC3B2 /* JSONDecodingTests.swift */ = {isa = PBXFileReference; lastKnownFileType = sourcecode.swift; path = JSONDecodingTests.swift; sourceTree = "<group>"; };
		36C41C6C28CC75DC006BC3B2 /* AppStoreClone2UITests.xctest */ = {isa = PBXFileReference; explicitFileType = wrapper.cfbundle; includeInIndex = 0; path = AppStoreClone2UITests.xctest; sourceTree = BUILT_PRODUCTS_DIR; };
		36C41C7028CC75DC006BC3B2 /* AppStoreClone2UITests.swift */ = {isa = PBXFileReference; lastKnownFileType = sourcecode.swift; path = AppStoreClone2UITests.swift; sourceTree = "<group>"; };
		36C41C7228CC75DC006BC3B2 /* AppStoreClone2UITestsLaunchTests.swift */ = {isa = PBXFileReference; lastKnownFileType = sourcecode.swift; path = AppStoreClone2UITestsLaunchTests.swift; sourceTree = "<group>"; };
		36C41CE728CC7B72006BC3B2 /* AppCoordinator.swift */ = {isa = PBXFileReference; fileEncoding = 4; lastKnownFileType = sourcecode.swift; name = AppCoordinator.swift; path = ../../../../Projects_iOS/Idus/AppStore/AppStoreClone/AppStoreClone/Presentation/AppCoordinator.swift; sourceTree = "<group>"; };
		36C41CEA28CC7B72006BC3B2 /* LookupViewModel.swift */ = {isa = PBXFileReference; fileEncoding = 4; lastKnownFileType = sourcecode.swift; path = LookupViewModel.swift; sourceTree = "<group>"; };
		36C41CEB28CC7B72006BC3B2 /* LookupCoordinator.swift */ = {isa = PBXFileReference; fileEncoding = 4; lastKnownFileType = sourcecode.swift; path = LookupCoordinator.swift; sourceTree = "<group>"; };
		36C41CED28CC7B72006BC3B2 /* LookupViewController.swift */ = {isa = PBXFileReference; fileEncoding = 4; lastKnownFileType = sourcecode.swift; path = LookupViewController.swift; sourceTree = "<group>"; };
		36C41CF328CC7B96006BC3B2 /* Array+Subscript.swift */ = {isa = PBXFileReference; fileEncoding = 4; lastKnownFileType = sourcecode.swift; path = "Array+Subscript.swift"; sourceTree = "<group>"; };
		36C41CF428CC7B96006BC3B2 /* UICollectionViewCell+Identifier.swift */ = {isa = PBXFileReference; fileEncoding = 4; lastKnownFileType = sourcecode.swift; path = "UICollectionViewCell+Identifier.swift"; sourceTree = "<group>"; };
		36C41CF528CC7B96006BC3B2 /* Int+DigitWrapping.swift */ = {isa = PBXFileReference; fileEncoding = 4; lastKnownFileType = sourcecode.swift; path = "Int+DigitWrapping.swift"; sourceTree = "<group>"; };
		36C41CF628CC7B96006BC3B2 /* UITableViewCell+Identifier.swift */ = {isa = PBXFileReference; fileEncoding = 4; lastKnownFileType = sourcecode.swift; path = "UITableViewCell+Identifier.swift"; sourceTree = "<group>"; };
		36C41CF728CC7B96006BC3B2 /* UIImageView+Load+Cache.swift */ = {isa = PBXFileReference; fileEncoding = 4; lastKnownFileType = sourcecode.swift; path = "UIImageView+Load+Cache.swift"; sourceTree = "<group>"; };
		36C41CF828CC7B96006BC3B2 /* UIStackView+VerticalSeparator.swift */ = {isa = PBXFileReference; fileEncoding = 4; lastKnownFileType = sourcecode.swift; path = "UIStackView+VerticalSeparator.swift"; sourceTree = "<group>"; };
		36C41CF928CC7B96006BC3B2 /* UICollectionView+CellRegister+Reuse.swift */ = {isa = PBXFileReference; fileEncoding = 4; lastKnownFileType = sourcecode.swift; path = "UICollectionView+CellRegister+Reuse.swift"; sourceTree = "<group>"; };
		36C41CFA28CC7B96006BC3B2 /* UITableView+CellRegister+Reuse.swift */ = {isa = PBXFileReference; fileEncoding = 4; lastKnownFileType = sourcecode.swift; path = "UITableView+CellRegister+Reuse.swift"; sourceTree = "<group>"; };
		36C41CFC28CC7B96006BC3B2 /* ImageCacheManager.swift */ = {isa = PBXFileReference; fileEncoding = 4; lastKnownFileType = sourcecode.swift; path = ImageCacheManager.swift; sourceTree = "<group>"; };
		36C41CFE28CC7B96006BC3B2 /* ViewModelProtocol.swift */ = {isa = PBXFileReference; fileEncoding = 4; lastKnownFileType = sourcecode.swift; path = ViewModelProtocol.swift; sourceTree = "<group>"; };
		36C41CFF28CC7B96006BC3B2 /* CoordinatorProtocol.swift */ = {isa = PBXFileReference; fileEncoding = 4; lastKnownFileType = sourcecode.swift; path = CoordinatorProtocol.swift; sourceTree = "<group>"; };
		36C41D0D28CC7B9E006BC3B2 /* NetworkProvider.swift */ = {isa = PBXFileReference; fileEncoding = 4; lastKnownFileType = sourcecode.swift; path = NetworkProvider.swift; sourceTree = "<group>"; };
		36C41D0E28CC7B9E006BC3B2 /* NetworkError.swift */ = {isa = PBXFileReference; fileEncoding = 4; lastKnownFileType = sourcecode.swift; path = NetworkError.swift; sourceTree = "<group>"; };
		36C41D1128CC7B9E006BC3B2 /* SearchResultDTO.swift */ = {isa = PBXFileReference; fileEncoding = 4; lastKnownFileType = sourcecode.swift; path = SearchResultDTO.swift; sourceTree = "<group>"; };
		36C41D1228CC7B9E006BC3B2 /* AppItemDTO.swift */ = {isa = PBXFileReference; fileEncoding = 4; lastKnownFileType = sourcecode.swift; path = AppItemDTO.swift; sourceTree = "<group>"; };
		36C41D1328CC7B9E006BC3B2 /* AppSearch.swift */ = {isa = PBXFileReference; fileEncoding = 4; lastKnownFileType = sourcecode.swift; path = AppSearch.swift; sourceTree = "<group>"; };
		36C41D1528CC7B9E006BC3B2 /* AppLookup.swift */ = {isa = PBXFileReference; fileEncoding = 4; lastKnownFileType = sourcecode.swift; path = AppLookup.swift; sourceTree = "<group>"; };
		36C41D2428CC7F98006BC3B2 /* URLSessionProtocol.swift */ = {isa = PBXFileReference; fileEncoding = 4; lastKnownFileType = sourcecode.swift; path = URLSessionProtocol.swift; sourceTree = "<group>"; };
		36C41D2528CC7F98006BC3B2 /* APIProtocol.swift */ = {isa = PBXFileReference; fileEncoding = 4; lastKnownFileType = sourcecode.swift; name = APIProtocol.swift; path = ../Protocols/APIProtocol.swift; sourceTree = "<group>"; };
		36C41D2A28CC7FBF006BC3B2 /* ItunesAPI.swift */ = {isa = PBXFileReference; fileEncoding = 4; lastKnownFileType = sourcecode.swift; path = ItunesAPI.swift; sourceTree = "<group>"; };
		36C41D2C28CC8191006BC3B2 /* URLRequest+Initializer.swift */ = {isa = PBXFileReference; fileEncoding = 4; lastKnownFileType = sourcecode.swift; path = "URLRequest+Initializer.swift"; sourceTree = "<group>"; };
		36C41D3628CC82A2006BC3B2 /* AppItem.swift */ = {isa = PBXFileReference; fileEncoding = 4; lastKnownFileType = sourcecode.swift; path = AppItem.swift; sourceTree = "<group>"; };
		36C41D3828CC82D3006BC3B2 /* JSONParser.swift */ = {isa = PBXFileReference; fileEncoding = 4; lastKnownFileType = sourcecode.swift; path = JSONParser.swift; sourceTree = "<group>"; };
/* End PBXFileReference section */

/* Begin PBXFrameworksBuildPhase section */
		36C41C4928CC75DA006BC3B2 /* Frameworks */ = {
			isa = PBXFrameworksBuildPhase;
			buildActionMask = 2147483647;
			files = (
				36C41CE628CC7B42006BC3B2 /* RxSwift in Frameworks */,
				36C41CE428CC7B42006BC3B2 /* RxRelay in Frameworks */,
				36C41CE228CC7B42006BC3B2 /* RxCocoa in Frameworks */,
			);
			runOnlyForDeploymentPostprocessing = 0;
		};
		36C41C5F28CC75DC006BC3B2 /* Frameworks */ = {
			isa = PBXFrameworksBuildPhase;
			buildActionMask = 2147483647;
			files = (
			);
			runOnlyForDeploymentPostprocessing = 0;
		};
		36C41C6928CC75DC006BC3B2 /* Frameworks */ = {
			isa = PBXFrameworksBuildPhase;
			buildActionMask = 2147483647;
			files = (
			);
			runOnlyForDeploymentPostprocessing = 0;
		};
/* End PBXFrameworksBuildPhase section */

/* Begin PBXGroup section */
		364AC9D428CF61E200A4B186 /* Mock */ = {
			isa = PBXGroup;
			children = (
				364AC9D528CF61E200A4B186 /* MockIdusLookupResult.json */,
				364AC9D628CF61E200A4B186 /* MockIdusSearchResult.json */,
				364AC9D828CF61E200A4B186 /* MockIdusAppItem.json */,
				364AC9D728CF61E200A4B186 /* MockURLSession.swift */,
			);
			path = Mock;
			sourceTree = "<group>";
		};
		36C41C4328CC75DA006BC3B2 = {
			isa = PBXGroup;
			children = (
				36C41C4E28CC75DA006BC3B2 /* AppStoreClone2 */,
				36C41C6528CC75DC006BC3B2 /* AppStoreClone2Tests */,
				36C41C6F28CC75DC006BC3B2 /* AppStoreClone2UITests */,
				36C41C4D28CC75DA006BC3B2 /* Products */,
			);
			sourceTree = "<group>";
		};
		36C41C4D28CC75DA006BC3B2 /* Products */ = {
			isa = PBXGroup;
			children = (
				36C41C4C28CC75DA006BC3B2 /* AppStoreClone2.app */,
				36C41C6228CC75DC006BC3B2 /* AppStoreClone2Tests.xctest */,
				36C41C6C28CC75DC006BC3B2 /* AppStoreClone2UITests.xctest */,
			);
			name = Products;
			sourceTree = "<group>";
		};
		36C41C4E28CC75DA006BC3B2 /* AppStoreClone2 */ = {
			isa = PBXGroup;
			children = (
				36C41C7F28CC7600006BC3B2 /* App */,
				36C41D0B28CC7B9E006BC3B2 /* Network */,
				36C41D3528CC82A2006BC3B2 /* Model */,
				36C41C8128CC76CE006BC3B2 /* Presentation */,
				36C41CFD28CC7B96006BC3B2 /* Protocols */,
				36C41CF228CC7B96006BC3B2 /* Extensions */,
				36C41CFB28CC7B96006BC3B2 /* Utilities */,
				36C41C8028CC7610006BC3B2 /* Resource */,
				36C41C5D28CC75DC006BC3B2 /* Info.plist */,
			);
			path = AppStoreClone2;
			sourceTree = "<group>";
		};
		36C41C6528CC75DC006BC3B2 /* AppStoreClone2Tests */ = {
			isa = PBXGroup;
			children = (
				364AC9D428CF61E200A4B186 /* Mock */,
				36C41C6628CC75DC006BC3B2 /* JSONDecodingTests.swift */,
				364AC9DE28CF622600A4B186 /* AppLookupAPITests.swift */,
				364AC9DD28CF622500A4B186 /* AppSearchAPITests.swift */,
				364AC9DF28CF622600A4B186 /* MockURLSessionTests.swift */,
			);
			path = AppStoreClone2Tests;
			sourceTree = "<group>";
		};
		36C41C6F28CC75DC006BC3B2 /* AppStoreClone2UITests */ = {
			isa = PBXGroup;
			children = (
				36C41C7028CC75DC006BC3B2 /* AppStoreClone2UITests.swift */,
				36C41C7228CC75DC006BC3B2 /* AppStoreClone2UITestsLaunchTests.swift */,
			);
			path = AppStoreClone2UITests;
			sourceTree = "<group>";
		};
		36C41C7F28CC7600006BC3B2 /* App */ = {
			isa = PBXGroup;
			children = (
				36C41C4F28CC75DA006BC3B2 /* AppDelegate.swift */,
				36C41C5128CC75DA006BC3B2 /* SceneDelegate.swift */,
			);
			path = App;
			sourceTree = "<group>";
		};
		36C41C8028CC7610006BC3B2 /* Resource */ = {
			isa = PBXGroup;
			children = (
				36C41C5A28CC75DC006BC3B2 /* LaunchScreen.storyboard */,
				36C41C5828CC75DC006BC3B2 /* Assets.xcassets */,
			);
			path = Resource;
			sourceTree = "<group>";
		};
		36C41C8128CC76CE006BC3B2 /* Presentation */ = {
			isa = PBXGroup;
			children = (
				36C41CE728CC7B72006BC3B2 /* AppCoordinator.swift */,
				36C41CE828CC7B72006BC3B2 /* LookupScene */,
			);
			path = Presentation;
			sourceTree = "<group>";
		};
		36C41CE828CC7B72006BC3B2 /* LookupScene */ = {
			isa = PBXGroup;
			children = (
				36C41CEB28CC7B72006BC3B2 /* LookupCoordinator.swift */,
				36C41CE928CC7B72006BC3B2 /* ViewModel */,
				36C41CEC28CC7B72006BC3B2 /* View */,
			);
			path = LookupScene;
			sourceTree = "<group>";
		};
		36C41CE928CC7B72006BC3B2 /* ViewModel */ = {
			isa = PBXGroup;
			children = (
				36C41CEA28CC7B72006BC3B2 /* LookupViewModel.swift */,
			);
			path = ViewModel;
			sourceTree = "<group>";
		};
		36C41CEC28CC7B72006BC3B2 /* View */ = {
			isa = PBXGroup;
			children = (
				36C41CED28CC7B72006BC3B2 /* LookupViewController.swift */,
				364AC9E328CF720A00A4B186 /* SearchTableCell.swift */,
				364AC9E528CF730A00A4B186 /* StarRatingStackView.swift */,
				364AC9E628CF730A00A4B186 /* StarImageView.swift */,
			);
			path = View;
			sourceTree = "<group>";
		};
		36C41CF228CC7B96006BC3B2 /* Extensions */ = {
			isa = PBXGroup;
			children = (
				36C41CF328CC7B96006BC3B2 /* Array+Subscript.swift */,
				36C41CF528CC7B96006BC3B2 /* Int+DigitWrapping.swift */,
				36C41CF728CC7B96006BC3B2 /* UIImageView+Load+Cache.swift */,
				36C41CF828CC7B96006BC3B2 /* UIStackView+VerticalSeparator.swift */,
				36C41CF928CC7B96006BC3B2 /* UICollectionView+CellRegister+Reuse.swift */,
				36C41CF428CC7B96006BC3B2 /* UICollectionViewCell+Identifier.swift */,
				36C41CFA28CC7B96006BC3B2 /* UITableView+CellRegister+Reuse.swift */,
				36C41CF628CC7B96006BC3B2 /* UITableViewCell+Identifier.swift */,
			);
			path = Extensions;
			sourceTree = "<group>";
		};
		36C41CFB28CC7B96006BC3B2 /* Utilities */ = {
			isa = PBXGroup;
			children = (
				36C41D3828CC82D3006BC3B2 /* JSONParser.swift */,
				36C41CFC28CC7B96006BC3B2 /* ImageCacheManager.swift */,
			);
			path = Utilities;
			sourceTree = "<group>";
		};
		36C41CFD28CC7B96006BC3B2 /* Protocols */ = {
			isa = PBXGroup;
			children = (
				36C41CFE28CC7B96006BC3B2 /* ViewModelProtocol.swift */,
				36C41CFF28CC7B96006BC3B2 /* CoordinatorProtocol.swift */,
			);
			path = Protocols;
			sourceTree = "<group>";
		};
		36C41D0B28CC7B9E006BC3B2 /* Network */ = {
			isa = PBXGroup;
			children = (
				36C41D0D28CC7B9E006BC3B2 /* NetworkProvider.swift */,
				36C41D2528CC7F98006BC3B2 /* APIProtocol.swift */,
				36C41D2428CC7F98006BC3B2 /* URLSessionProtocol.swift */,
				36C41D2C28CC8191006BC3B2 /* URLRequest+Initializer.swift */,
				36C41D0E28CC7B9E006BC3B2 /* NetworkError.swift */,
				36C41D0F28CC7B9E006BC3B2 /* ItunesAPI */,
			);
			path = Network;
			sourceTree = "<group>";
		};
		36C41D0F28CC7B9E006BC3B2 /* ItunesAPI */ = {
			isa = PBXGroup;
			children = (
				36C41D2A28CC7FBF006BC3B2 /* ItunesAPI.swift */,
				36C41D1528CC7B9E006BC3B2 /* AppLookup.swift */,
				36C41D1328CC7B9E006BC3B2 /* AppSearch.swift */,
				36C41D1028CC7B9E006BC3B2 /* Response */,
			);
			path = ItunesAPI;
			sourceTree = "<group>";
		};
		36C41D1028CC7B9E006BC3B2 /* Response */ = {
			isa = PBXGroup;
			children = (
				36C41D1128CC7B9E006BC3B2 /* SearchResultDTO.swift */,
				36C41D1228CC7B9E006BC3B2 /* AppItemDTO.swift */,
			);
			path = Response;
			sourceTree = "<group>";
		};
		36C41D3528CC82A2006BC3B2 /* Model */ = {
			isa = PBXGroup;
			children = (
				36C41D3628CC82A2006BC3B2 /* AppItem.swift */,
			);
			path = Model;
			sourceTree = "<group>";
		};
/* End PBXGroup section */

/* Begin PBXNativeTarget section */
		36C41C4B28CC75DA006BC3B2 /* AppStoreClone2 */ = {
			isa = PBXNativeTarget;
			buildConfigurationList = 36C41C7628CC75DC006BC3B2 /* Build configuration list for PBXNativeTarget "AppStoreClone2" */;
			buildPhases = (
				36C41C4828CC75DA006BC3B2 /* Sources */,
				36C41C4928CC75DA006BC3B2 /* Frameworks */,
				36C41C4A28CC75DA006BC3B2 /* Resources */,
			);
			buildRules = (
			);
			dependencies = (
			);
			name = AppStoreClone2;
			packageProductDependencies = (
				36C41CE128CC7B42006BC3B2 /* RxCocoa */,
				36C41CE328CC7B42006BC3B2 /* RxRelay */,
				36C41CE528CC7B42006BC3B2 /* RxSwift */,
			);
			productName = AppStoreClone2;
			productReference = 36C41C4C28CC75DA006BC3B2 /* AppStoreClone2.app */;
			productType = "com.apple.product-type.application";
		};
		36C41C6128CC75DC006BC3B2 /* AppStoreClone2Tests */ = {
			isa = PBXNativeTarget;
			buildConfigurationList = 36C41C7928CC75DC006BC3B2 /* Build configuration list for PBXNativeTarget "AppStoreClone2Tests" */;
			buildPhases = (
				36C41C5E28CC75DC006BC3B2 /* Sources */,
				36C41C5F28CC75DC006BC3B2 /* Frameworks */,
				36C41C6028CC75DC006BC3B2 /* Resources */,
			);
			buildRules = (
			);
			dependencies = (
				36C41C6428CC75DC006BC3B2 /* PBXTargetDependency */,
			);
			name = AppStoreClone2Tests;
			productName = AppStoreClone2Tests;
			productReference = 36C41C6228CC75DC006BC3B2 /* AppStoreClone2Tests.xctest */;
			productType = "com.apple.product-type.bundle.unit-test";
		};
		36C41C6B28CC75DC006BC3B2 /* AppStoreClone2UITests */ = {
			isa = PBXNativeTarget;
			buildConfigurationList = 36C41C7C28CC75DC006BC3B2 /* Build configuration list for PBXNativeTarget "AppStoreClone2UITests" */;
			buildPhases = (
				36C41C6828CC75DC006BC3B2 /* Sources */,
				36C41C6928CC75DC006BC3B2 /* Frameworks */,
				36C41C6A28CC75DC006BC3B2 /* Resources */,
			);
			buildRules = (
			);
			dependencies = (
				36C41C6E28CC75DC006BC3B2 /* PBXTargetDependency */,
			);
			name = AppStoreClone2UITests;
			productName = AppStoreClone2UITests;
			productReference = 36C41C6C28CC75DC006BC3B2 /* AppStoreClone2UITests.xctest */;
			productType = "com.apple.product-type.bundle.ui-testing";
		};
/* End PBXNativeTarget section */

/* Begin PBXProject section */
		36C41C4428CC75DA006BC3B2 /* Project object */ = {
			isa = PBXProject;
			attributes = {
				BuildIndependentTargetsInParallel = 1;
				LastSwiftUpdateCheck = 1340;
				LastUpgradeCheck = 1340;
				TargetAttributes = {
					36C41C4B28CC75DA006BC3B2 = {
						CreatedOnToolsVersion = 13.4;
					};
					36C41C6128CC75DC006BC3B2 = {
						CreatedOnToolsVersion = 13.4;
						TestTargetID = 36C41C4B28CC75DA006BC3B2;
					};
					36C41C6B28CC75DC006BC3B2 = {
						CreatedOnToolsVersion = 13.4;
						TestTargetID = 36C41C4B28CC75DA006BC3B2;
					};
				};
			};
			buildConfigurationList = 36C41C4728CC75DA006BC3B2 /* Build configuration list for PBXProject "AppStoreClone2" */;
			compatibilityVersion = "Xcode 13.0";
			developmentRegion = en;
			hasScannedForEncodings = 0;
			knownRegions = (
				en,
				Base,
			);
			mainGroup = 36C41C4328CC75DA006BC3B2;
			packageReferences = (
				36C41CE028CC7B42006BC3B2 /* XCRemoteSwiftPackageReference "RxSwift" */,
			);
			productRefGroup = 36C41C4D28CC75DA006BC3B2 /* Products */;
			projectDirPath = "";
			projectRoot = "";
			targets = (
				36C41C4B28CC75DA006BC3B2 /* AppStoreClone2 */,
				36C41C6128CC75DC006BC3B2 /* AppStoreClone2Tests */,
				36C41C6B28CC75DC006BC3B2 /* AppStoreClone2UITests */,
			);
		};
/* End PBXProject section */

/* Begin PBXResourcesBuildPhase section */
		36C41C4A28CC75DA006BC3B2 /* Resources */ = {
			isa = PBXResourcesBuildPhase;
			buildActionMask = 2147483647;
			files = (
				36C41C5C28CC75DC006BC3B2 /* LaunchScreen.storyboard in Resources */,
				36C41C5928CC75DC006BC3B2 /* Assets.xcassets in Resources */,
			);
			runOnlyForDeploymentPostprocessing = 0;
		};
		36C41C6028CC75DC006BC3B2 /* Resources */ = {
			isa = PBXResourcesBuildPhase;
			buildActionMask = 2147483647;
			files = (
				364AC9D928CF61E200A4B186 /* MockIdusLookupResult.json in Resources */,
				364AC9DC28CF61E200A4B186 /* MockIdusAppItem.json in Resources */,
				364AC9DA28CF61E200A4B186 /* MockIdusSearchResult.json in Resources */,
			);
			runOnlyForDeploymentPostprocessing = 0;
		};
		36C41C6A28CC75DC006BC3B2 /* Resources */ = {
			isa = PBXResourcesBuildPhase;
			buildActionMask = 2147483647;
			files = (
			);
			runOnlyForDeploymentPostprocessing = 0;
		};
/* End PBXResourcesBuildPhase section */

/* Begin PBXSourcesBuildPhase section */
		36C41C4828CC75DA006BC3B2 /* Sources */ = {
			isa = PBXSourcesBuildPhase;
			buildActionMask = 2147483647;
			files = (
				36C41D1728CC7B9E006BC3B2 /* NetworkProvider.swift in Sources */,
				364AC9E428CF720A00A4B186 /* SearchTableCell.swift in Sources */,
				36C41D0928CC7B96006BC3B2 /* ViewModelProtocol.swift in Sources */,
				36C41D0328CC7B96006BC3B2 /* UITableViewCell+Identifier.swift in Sources */,
				36C41CEF28CC7B72006BC3B2 /* LookupViewModel.swift in Sources */,
				36C41D0828CC7B96006BC3B2 /* ImageCacheManager.swift in Sources */,
				364AC9E828CF730A00A4B186 /* StarImageView.swift in Sources */,
				36C41D1A28CC7B9E006BC3B2 /* AppItemDTO.swift in Sources */,
				36C41D1928CC7B9E006BC3B2 /* SearchResultDTO.swift in Sources */,
				36C41D2728CC7F98006BC3B2 /* URLSessionProtocol.swift in Sources */,
				36C41CF028CC7B72006BC3B2 /* LookupCoordinator.swift in Sources */,
				36C41D3928CC82D3006BC3B2 /* JSONParser.swift in Sources */,
				36C41D0728CC7B96006BC3B2 /* UITableView+CellRegister+Reuse.swift in Sources */,
				36C41D0628CC7B96006BC3B2 /* UICollectionView+CellRegister+Reuse.swift in Sources */,
				36C41D1828CC7B9E006BC3B2 /* NetworkError.swift in Sources */,
				36C41D2828CC7F98006BC3B2 /* APIProtocol.swift in Sources */,
				36C41D1B28CC7B9E006BC3B2 /* AppSearch.swift in Sources */,
				36C41D0528CC7B96006BC3B2 /* UIStackView+VerticalSeparator.swift in Sources */,
				36C41D0428CC7B96006BC3B2 /* UIImageView+Load+Cache.swift in Sources */,
				36C41D3728CC82A2006BC3B2 /* AppItem.swift in Sources */,
				36C41CEE28CC7B72006BC3B2 /* AppCoordinator.swift in Sources */,
				36C41D0128CC7B96006BC3B2 /* UICollectionViewCell+Identifier.swift in Sources */,
				36C41D0A28CC7B96006BC3B2 /* CoordinatorProtocol.swift in Sources */,
				36C41D2B28CC7FBF006BC3B2 /* ItunesAPI.swift in Sources */,
				36C41D0228CC7B96006BC3B2 /* Int+DigitWrapping.swift in Sources */,
				36C41C5028CC75DA006BC3B2 /* AppDelegate.swift in Sources */,
				36C41D1D28CC7B9E006BC3B2 /* AppLookup.swift in Sources */,
				36C41D0028CC7B96006BC3B2 /* Array+Subscript.swift in Sources */,
				36C41CF128CC7B72006BC3B2 /* LookupViewController.swift in Sources */,
				36C41D2D28CC8191006BC3B2 /* URLRequest+Initializer.swift in Sources */,
				36C41C5228CC75DA006BC3B2 /* SceneDelegate.swift in Sources */,
				364AC9E728CF730A00A4B186 /* StarRatingStackView.swift in Sources */,
			);
			runOnlyForDeploymentPostprocessing = 0;
		};
		36C41C5E28CC75DC006BC3B2 /* Sources */ = {
			isa = PBXSourcesBuildPhase;
			buildActionMask = 2147483647;
			files = (
				364AC9E028CF622600A4B186 /* AppSearchAPITests.swift in Sources */,
				364AC9DB28CF61E200A4B186 /* MockURLSession.swift in Sources */,
				364AC9E128CF622600A4B186 /* AppLookupAPITests.swift in Sources */,
				364AC9E228CF622600A4B186 /* MockURLSessionTests.swift in Sources */,
				36C41C6728CC75DC006BC3B2 /* JSONDecodingTests.swift in Sources */,
			);
			runOnlyForDeploymentPostprocessing = 0;
		};
		36C41C6828CC75DC006BC3B2 /* Sources */ = {
			isa = PBXSourcesBuildPhase;
			buildActionMask = 2147483647;
			files = (
				36C41C7128CC75DC006BC3B2 /* AppStoreClone2UITests.swift in Sources */,
				36C41C7328CC75DC006BC3B2 /* AppStoreClone2UITestsLaunchTests.swift in Sources */,
			);
			runOnlyForDeploymentPostprocessing = 0;
		};
/* End PBXSourcesBuildPhase section */

/* Begin PBXTargetDependency section */
		36C41C6428CC75DC006BC3B2 /* PBXTargetDependency */ = {
			isa = PBXTargetDependency;
			target = 36C41C4B28CC75DA006BC3B2 /* AppStoreClone2 */;
			targetProxy = 36C41C6328CC75DC006BC3B2 /* PBXContainerItemProxy */;
		};
		36C41C6E28CC75DC006BC3B2 /* PBXTargetDependency */ = {
			isa = PBXTargetDependency;
			target = 36C41C4B28CC75DA006BC3B2 /* AppStoreClone2 */;
			targetProxy = 36C41C6D28CC75DC006BC3B2 /* PBXContainerItemProxy */;
		};
/* End PBXTargetDependency section */

/* Begin PBXVariantGroup section */
		36C41C5A28CC75DC006BC3B2 /* LaunchScreen.storyboard */ = {
			isa = PBXVariantGroup;
			children = (
				36C41C5B28CC75DC006BC3B2 /* Base */,
			);
			name = LaunchScreen.storyboard;
			sourceTree = "<group>";
		};
/* End PBXVariantGroup section */

/* Begin XCBuildConfiguration section */
		36C41C7428CC75DC006BC3B2 /* Debug */ = {
			isa = XCBuildConfiguration;
			buildSettings = {
				ALWAYS_SEARCH_USER_PATHS = NO;
				CLANG_ANALYZER_NONNULL = YES;
				CLANG_ANALYZER_NUMBER_OBJECT_CONVERSION = YES_AGGRESSIVE;
				CLANG_CXX_LANGUAGE_STANDARD = "gnu++17";
				CLANG_ENABLE_MODULES = YES;
				CLANG_ENABLE_OBJC_ARC = YES;
				CLANG_ENABLE_OBJC_WEAK = YES;
				CLANG_WARN_BLOCK_CAPTURE_AUTORELEASING = YES;
				CLANG_WARN_BOOL_CONVERSION = YES;
				CLANG_WARN_COMMA = YES;
				CLANG_WARN_CONSTANT_CONVERSION = YES;
				CLANG_WARN_DEPRECATED_OBJC_IMPLEMENTATIONS = YES;
				CLANG_WARN_DIRECT_OBJC_ISA_USAGE = YES_ERROR;
				CLANG_WARN_DOCUMENTATION_COMMENTS = YES;
				CLANG_WARN_EMPTY_BODY = YES;
				CLANG_WARN_ENUM_CONVERSION = YES;
				CLANG_WARN_INFINITE_RECURSION = YES;
				CLANG_WARN_INT_CONVERSION = YES;
				CLANG_WARN_NON_LITERAL_NULL_CONVERSION = YES;
				CLANG_WARN_OBJC_IMPLICIT_RETAIN_SELF = YES;
				CLANG_WARN_OBJC_LITERAL_CONVERSION = YES;
				CLANG_WARN_OBJC_ROOT_CLASS = YES_ERROR;
				CLANG_WARN_QUOTED_INCLUDE_IN_FRAMEWORK_HEADER = YES;
				CLANG_WARN_RANGE_LOOP_ANALYSIS = YES;
				CLANG_WARN_STRICT_PROTOTYPES = YES;
				CLANG_WARN_SUSPICIOUS_MOVE = YES;
				CLANG_WARN_UNGUARDED_AVAILABILITY = YES_AGGRESSIVE;
				CLANG_WARN_UNREACHABLE_CODE = YES;
				CLANG_WARN__DUPLICATE_METHOD_MATCH = YES;
				COPY_PHASE_STRIP = NO;
				DEBUG_INFORMATION_FORMAT = dwarf;
				ENABLE_STRICT_OBJC_MSGSEND = YES;
				ENABLE_TESTABILITY = YES;
				GCC_C_LANGUAGE_STANDARD = gnu11;
				GCC_DYNAMIC_NO_PIC = NO;
				GCC_NO_COMMON_BLOCKS = YES;
				GCC_OPTIMIZATION_LEVEL = 0;
				GCC_PREPROCESSOR_DEFINITIONS = (
					"DEBUG=1",
					"$(inherited)",
				);
				GCC_WARN_64_TO_32_BIT_CONVERSION = YES;
				GCC_WARN_ABOUT_RETURN_TYPE = YES_ERROR;
				GCC_WARN_UNDECLARED_SELECTOR = YES;
				GCC_WARN_UNINITIALIZED_AUTOS = YES_AGGRESSIVE;
				GCC_WARN_UNUSED_FUNCTION = YES;
				GCC_WARN_UNUSED_VARIABLE = YES;
				IPHONEOS_DEPLOYMENT_TARGET = 14.0;
				MTL_ENABLE_DEBUG_INFO = INCLUDE_SOURCE;
				MTL_FAST_MATH = YES;
				ONLY_ACTIVE_ARCH = YES;
				SDKROOT = iphoneos;
				SWIFT_ACTIVE_COMPILATION_CONDITIONS = DEBUG;
				SWIFT_OPTIMIZATION_LEVEL = "-Onone";
			};
			name = Debug;
		};
		36C41C7528CC75DC006BC3B2 /* Release */ = {
			isa = XCBuildConfiguration;
			buildSettings = {
				ALWAYS_SEARCH_USER_PATHS = NO;
				CLANG_ANALYZER_NONNULL = YES;
				CLANG_ANALYZER_NUMBER_OBJECT_CONVERSION = YES_AGGRESSIVE;
				CLANG_CXX_LANGUAGE_STANDARD = "gnu++17";
				CLANG_ENABLE_MODULES = YES;
				CLANG_ENABLE_OBJC_ARC = YES;
				CLANG_ENABLE_OBJC_WEAK = YES;
				CLANG_WARN_BLOCK_CAPTURE_AUTORELEASING = YES;
				CLANG_WARN_BOOL_CONVERSION = YES;
				CLANG_WARN_COMMA = YES;
				CLANG_WARN_CONSTANT_CONVERSION = YES;
				CLANG_WARN_DEPRECATED_OBJC_IMPLEMENTATIONS = YES;
				CLANG_WARN_DIRECT_OBJC_ISA_USAGE = YES_ERROR;
				CLANG_WARN_DOCUMENTATION_COMMENTS = YES;
				CLANG_WARN_EMPTY_BODY = YES;
				CLANG_WARN_ENUM_CONVERSION = YES;
				CLANG_WARN_INFINITE_RECURSION = YES;
				CLANG_WARN_INT_CONVERSION = YES;
				CLANG_WARN_NON_LITERAL_NULL_CONVERSION = YES;
				CLANG_WARN_OBJC_IMPLICIT_RETAIN_SELF = YES;
				CLANG_WARN_OBJC_LITERAL_CONVERSION = YES;
				CLANG_WARN_OBJC_ROOT_CLASS = YES_ERROR;
				CLANG_WARN_QUOTED_INCLUDE_IN_FRAMEWORK_HEADER = YES;
				CLANG_WARN_RANGE_LOOP_ANALYSIS = YES;
				CLANG_WARN_STRICT_PROTOTYPES = YES;
				CLANG_WARN_SUSPICIOUS_MOVE = YES;
				CLANG_WARN_UNGUARDED_AVAILABILITY = YES_AGGRESSIVE;
				CLANG_WARN_UNREACHABLE_CODE = YES;
				CLANG_WARN__DUPLICATE_METHOD_MATCH = YES;
				COPY_PHASE_STRIP = NO;
				DEBUG_INFORMATION_FORMAT = "dwarf-with-dsym";
				ENABLE_NS_ASSERTIONS = NO;
				ENABLE_STRICT_OBJC_MSGSEND = YES;
				GCC_C_LANGUAGE_STANDARD = gnu11;
				GCC_NO_COMMON_BLOCKS = YES;
				GCC_WARN_64_TO_32_BIT_CONVERSION = YES;
				GCC_WARN_ABOUT_RETURN_TYPE = YES_ERROR;
				GCC_WARN_UNDECLARED_SELECTOR = YES;
				GCC_WARN_UNINITIALIZED_AUTOS = YES_AGGRESSIVE;
				GCC_WARN_UNUSED_FUNCTION = YES;
				GCC_WARN_UNUSED_VARIABLE = YES;
				IPHONEOS_DEPLOYMENT_TARGET = 14.0;
				MTL_ENABLE_DEBUG_INFO = NO;
				MTL_FAST_MATH = YES;
				SDKROOT = iphoneos;
				SWIFT_COMPILATION_MODE = wholemodule;
				SWIFT_OPTIMIZATION_LEVEL = "-O";
				VALIDATE_PRODUCT = YES;
			};
			name = Release;
		};
		36C41C7728CC75DC006BC3B2 /* Debug */ = {
			isa = XCBuildConfiguration;
			buildSettings = {
				ASSETCATALOG_COMPILER_APPICON_NAME = AppIcon;
				ASSETCATALOG_COMPILER_GLOBAL_ACCENT_COLOR_NAME = AccentColor;
				CODE_SIGN_STYLE = Automatic;
				CURRENT_PROJECT_VERSION = 1;
				DEVELOPMENT_TEAM = XD7KFVM4LP;
				GENERATE_INFOPLIST_FILE = YES;
				INFOPLIST_FILE = AppStoreClone2/Info.plist;
				INFOPLIST_KEY_UIApplicationSupportsIndirectInputEvents = YES;
				INFOPLIST_KEY_UILaunchStoryboardName = LaunchScreen;
				INFOPLIST_KEY_UIMainStoryboardFile = LaunchScreen;
				INFOPLIST_KEY_UISupportedInterfaceOrientations = "UIInterfaceOrientationPortrait UIInterfaceOrientationLandscapeLeft UIInterfaceOrientationLandscapeRight";
				INFOPLIST_KEY_UISupportedInterfaceOrientations_iPad = "UIInterfaceOrientationPortrait UIInterfaceOrientationPortraitUpsideDown UIInterfaceOrientationLandscapeLeft UIInterfaceOrientationLandscapeRight";
				INFOPLIST_KEY_UISupportedInterfaceOrientations_iPhone = "UIInterfaceOrientationPortrait UIInterfaceOrientationLandscapeLeft UIInterfaceOrientationLandscapeRight";
				LD_RUNPATH_SEARCH_PATHS = (
					"$(inherited)",
					"@executable_path/Frameworks",
				);
				MARKETING_VERSION = 1.0;
				PRODUCT_BUNDLE_IDENTIFIER = com.hyojuson.AppStoreClone2;
				PRODUCT_NAME = "$(TARGET_NAME)";
				SWIFT_EMIT_LOC_STRINGS = YES;
				SWIFT_VERSION = 5.0;
				TARGETED_DEVICE_FAMILY = "1,2";
			};
			name = Debug;
		};
		36C41C7828CC75DC006BC3B2 /* Release */ = {
			isa = XCBuildConfiguration;
			buildSettings = {
				ASSETCATALOG_COMPILER_APPICON_NAME = AppIcon;
				ASSETCATALOG_COMPILER_GLOBAL_ACCENT_COLOR_NAME = AccentColor;
				CODE_SIGN_STYLE = Automatic;
				CURRENT_PROJECT_VERSION = 1;
				DEVELOPMENT_TEAM = XD7KFVM4LP;
				GENERATE_INFOPLIST_FILE = YES;
				INFOPLIST_FILE = AppStoreClone2/Info.plist;
				INFOPLIST_KEY_UIApplicationSupportsIndirectInputEvents = YES;
				INFOPLIST_KEY_UILaunchStoryboardName = LaunchScreen;
				INFOPLIST_KEY_UIMainStoryboardFile = LaunchScreen;
				INFOPLIST_KEY_UISupportedInterfaceOrientations = "UIInterfaceOrientationPortrait UIInterfaceOrientationLandscapeLeft UIInterfaceOrientationLandscapeRight";
				INFOPLIST_KEY_UISupportedInterfaceOrientations_iPad = "UIInterfaceOrientationPortrait UIInterfaceOrientationPortraitUpsideDown UIInterfaceOrientationLandscapeLeft UIInterfaceOrientationLandscapeRight";
				INFOPLIST_KEY_UISupportedInterfaceOrientations_iPhone = "UIInterfaceOrientationPortrait UIInterfaceOrientationLandscapeLeft UIInterfaceOrientationLandscapeRight";
				LD_RUNPATH_SEARCH_PATHS = (
					"$(inherited)",
					"@executable_path/Frameworks",
				);
				MARKETING_VERSION = 1.0;
				PRODUCT_BUNDLE_IDENTIFIER = com.hyojuson.AppStoreClone2;
				PRODUCT_NAME = "$(TARGET_NAME)";
				SWIFT_EMIT_LOC_STRINGS = YES;
				SWIFT_VERSION = 5.0;
				TARGETED_DEVICE_FAMILY = "1,2";
			};
			name = Release;
		};
		36C41C7A28CC75DC006BC3B2 /* Debug */ = {
			isa = XCBuildConfiguration;
			buildSettings = {
				ALWAYS_EMBED_SWIFT_STANDARD_LIBRARIES = YES;
				BUNDLE_LOADER = "$(TEST_HOST)";
				CODE_SIGN_STYLE = Automatic;
				CURRENT_PROJECT_VERSION = 1;
				DEVELOPMENT_TEAM = XD7KFVM4LP;
				GENERATE_INFOPLIST_FILE = YES;
				IPHONEOS_DEPLOYMENT_TARGET = 15.5;
				MARKETING_VERSION = 1.0;
				PRODUCT_BUNDLE_IDENTIFIER = com.hyojuson.AppStoreClone2Tests;
				PRODUCT_NAME = "$(TARGET_NAME)";
				SWIFT_EMIT_LOC_STRINGS = NO;
				SWIFT_VERSION = 5.0;
				TARGETED_DEVICE_FAMILY = "1,2";
				TEST_HOST = "$(BUILT_PRODUCTS_DIR)/AppStoreClone2.app/AppStoreClone2";
			};
			name = Debug;
		};
		36C41C7B28CC75DC006BC3B2 /* Release */ = {
			isa = XCBuildConfiguration;
			buildSettings = {
				ALWAYS_EMBED_SWIFT_STANDARD_LIBRARIES = YES;
				BUNDLE_LOADER = "$(TEST_HOST)";
				CODE_SIGN_STYLE = Automatic;
				CURRENT_PROJECT_VERSION = 1;
				DEVELOPMENT_TEAM = XD7KFVM4LP;
				GENERATE_INFOPLIST_FILE = YES;
				IPHONEOS_DEPLOYMENT_TARGET = 15.5;
				MARKETING_VERSION = 1.0;
				PRODUCT_BUNDLE_IDENTIFIER = com.hyojuson.AppStoreClone2Tests;
				PRODUCT_NAME = "$(TARGET_NAME)";
				SWIFT_EMIT_LOC_STRINGS = NO;
				SWIFT_VERSION = 5.0;
				TARGETED_DEVICE_FAMILY = "1,2";
				TEST_HOST = "$(BUILT_PRODUCTS_DIR)/AppStoreClone2.app/AppStoreClone2";
			};
			name = Release;
		};
		36C41C7D28CC75DC006BC3B2 /* Debug */ = {
			isa = XCBuildConfiguration;
			buildSettings = {
				ALWAYS_EMBED_SWIFT_STANDARD_LIBRARIES = YES;
				CODE_SIGN_STYLE = Automatic;
				CURRENT_PROJECT_VERSION = 1;
				DEVELOPMENT_TEAM = XD7KFVM4LP;
				GENERATE_INFOPLIST_FILE = YES;
				MARKETING_VERSION = 1.0;
				PRODUCT_BUNDLE_IDENTIFIER = com.hyojuson.AppStoreClone2UITests;
				PRODUCT_NAME = "$(TARGET_NAME)";
				SWIFT_EMIT_LOC_STRINGS = NO;
				SWIFT_VERSION = 5.0;
				TARGETED_DEVICE_FAMILY = "1,2";
				TEST_TARGET_NAME = AppStoreClone2;
			};
			name = Debug;
		};
		36C41C7E28CC75DC006BC3B2 /* Release */ = {
			isa = XCBuildConfiguration;
			buildSettings = {
				ALWAYS_EMBED_SWIFT_STANDARD_LIBRARIES = YES;
				CODE_SIGN_STYLE = Automatic;
				CURRENT_PROJECT_VERSION = 1;
				DEVELOPMENT_TEAM = XD7KFVM4LP;
				GENERATE_INFOPLIST_FILE = YES;
				MARKETING_VERSION = 1.0;
				PRODUCT_BUNDLE_IDENTIFIER = com.hyojuson.AppStoreClone2UITests;
				PRODUCT_NAME = "$(TARGET_NAME)";
				SWIFT_EMIT_LOC_STRINGS = NO;
				SWIFT_VERSION = 5.0;
				TARGETED_DEVICE_FAMILY = "1,2";
				TEST_TARGET_NAME = AppStoreClone2;
			};
			name = Release;
		};
/* End XCBuildConfiguration section */

/* Begin XCConfigurationList section */
		36C41C4728CC75DA006BC3B2 /* Build configuration list for PBXProject "AppStoreClone2" */ = {
			isa = XCConfigurationList;
			buildConfigurations = (
				36C41C7428CC75DC006BC3B2 /* Debug */,
				36C41C7528CC75DC006BC3B2 /* Release */,
			);
			defaultConfigurationIsVisible = 0;
			defaultConfigurationName = Release;
		};
		36C41C7628CC75DC006BC3B2 /* Build configuration list for PBXNativeTarget "AppStoreClone2" */ = {
			isa = XCConfigurationList;
			buildConfigurations = (
				36C41C7728CC75DC006BC3B2 /* Debug */,
				36C41C7828CC75DC006BC3B2 /* Release */,
			);
			defaultConfigurationIsVisible = 0;
			defaultConfigurationName = Release;
		};
		36C41C7928CC75DC006BC3B2 /* Build configuration list for PBXNativeTarget "AppStoreClone2Tests" */ = {
			isa = XCConfigurationList;
			buildConfigurations = (
				36C41C7A28CC75DC006BC3B2 /* Debug */,
				36C41C7B28CC75DC006BC3B2 /* Release */,
			);
			defaultConfigurationIsVisible = 0;
			defaultConfigurationName = Release;
		};
		36C41C7C28CC75DC006BC3B2 /* Build configuration list for PBXNativeTarget "AppStoreClone2UITests" */ = {
			isa = XCConfigurationList;
			buildConfigurations = (
				36C41C7D28CC75DC006BC3B2 /* Debug */,
				36C41C7E28CC75DC006BC3B2 /* Release */,
			);
			defaultConfigurationIsVisible = 0;
			defaultConfigurationName = Release;
		};
/* End XCConfigurationList section */

/* Begin XCRemoteSwiftPackageReference section */
		36C41CE028CC7B42006BC3B2 /* XCRemoteSwiftPackageReference "RxSwift" */ = {
			isa = XCRemoteSwiftPackageReference;
			repositoryURL = "https://github.com/ReactiveX/RxSwift";
			requirement = {
				kind = upToNextMajorVersion;
				minimumVersion = 6.0.0;
			};
		};
/* End XCRemoteSwiftPackageReference section */

/* Begin XCSwiftPackageProductDependency section */
		36C41CE128CC7B42006BC3B2 /* RxCocoa */ = {
			isa = XCSwiftPackageProductDependency;
			package = 36C41CE028CC7B42006BC3B2 /* XCRemoteSwiftPackageReference "RxSwift" */;
			productName = RxCocoa;
		};
		36C41CE328CC7B42006BC3B2 /* RxRelay */ = {
			isa = XCSwiftPackageProductDependency;
			package = 36C41CE028CC7B42006BC3B2 /* XCRemoteSwiftPackageReference "RxSwift" */;
			productName = RxRelay;
		};
		36C41CE528CC7B42006BC3B2 /* RxSwift */ = {
			isa = XCSwiftPackageProductDependency;
			package = 36C41CE028CC7B42006BC3B2 /* XCRemoteSwiftPackageReference "RxSwift" */;
			productName = RxSwift;
		};
/* End XCSwiftPackageProductDependency section */
	};
	rootObject = 36C41C4428CC75DA006BC3B2 /* Project object */;
}
